// !$*UTF8*$!
{
	archiveVersion = 1;
	classes = {
	};
	objectVersion = 56;
	objects = {

/* Begin PBXBuildFile section */
		A6ACD9E42AB1682C0005F3A9 /* AppDelegate.swift in Sources */ = {isa = PBXBuildFile; fileRef = A6ACD9E32AB1682C0005F3A9 /* AppDelegate.swift */; };
		A6ACD9E62AB1682C0005F3A9 /* SceneDelegate.swift in Sources */ = {isa = PBXBuildFile; fileRef = A6ACD9E52AB1682C0005F3A9 /* SceneDelegate.swift */; };
		A6ACD9E82AB1682C0005F3A9 /* ViewController.swift in Sources */ = {isa = PBXBuildFile; fileRef = A6ACD9E72AB1682C0005F3A9 /* ViewController.swift */; };
		A6ACD9EB2AB1682C0005F3A9 /* Main.storyboard in Resources */ = {isa = PBXBuildFile; fileRef = A6ACD9E92AB1682C0005F3A9 /* Main.storyboard */; };
		A6ACD9ED2AB1682D0005F3A9 /* Assets.xcassets in Resources */ = {isa = PBXBuildFile; fileRef = A6ACD9EC2AB1682D0005F3A9 /* Assets.xcassets */; };
		A6ACD9F02AB1682D0005F3A9 /* LaunchScreen.storyboard in Resources */ = {isa = PBXBuildFile; fileRef = A6ACD9EE2AB1682D0005F3A9 /* LaunchScreen.storyboard */; };
		A6ACD9FE2AB16C6A0005F3A9 /* Localizable.strings in Resources */ = {isa = PBXBuildFile; fileRef = A6ACDA002AB16C6A0005F3A9 /* Localizable.strings */; };
/* End PBXBuildFile section */

/* Begin PBXFileReference section */
		A6ACD9E02AB1682C0005F3A9 /* Loacalistion.app */ = {isa = PBXFileReference; explicitFileType = wrapper.application; includeInIndex = 0; path = Loacalistion.app; sourceTree = BUILT_PRODUCTS_DIR; };
		A6ACD9E32AB1682C0005F3A9 /* AppDelegate.swift */ = {isa = PBXFileReference; lastKnownFileType = sourcecode.swift; path = AppDelegate.swift; sourceTree = "<group>"; };
		A6ACD9E52AB1682C0005F3A9 /* SceneDelegate.swift */ = {isa = PBXFileReference; lastKnownFileType = sourcecode.swift; path = SceneDelegate.swift; sourceTree = "<group>"; };
		A6ACD9E72AB1682C0005F3A9 /* ViewController.swift */ = {isa = PBXFileReference; lastKnownFileType = sourcecode.swift; path = ViewController.swift; sourceTree = "<group>"; };
		A6ACD9EA2AB1682C0005F3A9 /* Base */ = {isa = PBXFileReference; lastKnownFileType = file.storyboard; name = Base; path = Base.lproj/Main.storyboard; sourceTree = "<group>"; };
		A6ACD9EC2AB1682D0005F3A9 /* Assets.xcassets */ = {isa = PBXFileReference; lastKnownFileType = folder.assetcatalog; path = Assets.xcassets; sourceTree = "<group>"; };
		A6ACD9EF2AB1682D0005F3A9 /* Base */ = {isa = PBXFileReference; lastKnownFileType = file.storyboard; name = Base; path = Base.lproj/LaunchScreen.storyboard; sourceTree = "<group>"; };
		A6ACD9F12AB1682D0005F3A9 /* Info.plist */ = {isa = PBXFileReference; lastKnownFileType = text.plist.xml; path = Info.plist; sourceTree = "<group>"; };
		A6ACD9F72AB168750005F3A9 /* fr */ = {isa = PBXFileReference; lastKnownFileType = text.plist.strings; name = fr; path = fr.lproj/Main.strings; sourceTree = "<group>"; };
		A6ACD9F82AB168750005F3A9 /* fr */ = {isa = PBXFileReference; lastKnownFileType = text.plist.strings; name = fr; path = fr.lproj/LaunchScreen.strings; sourceTree = "<group>"; };
		A6ACD9FA2AB168BF0005F3A9 /* en */ = {isa = PBXFileReference; lastKnownFileType = text.plist.strings; name = en; path = en.lproj/Main.strings; sourceTree = "<group>"; };
		A6ACD9FF2AB16C6A0005F3A9 /* en */ = {isa = PBXFileReference; lastKnownFileType = text.plist.strings; name = en; path = en.lproj/Localizable.strings; sourceTree = "<group>"; };
		A6ACDA012AB16C6F0005F3A9 /* fr */ = {isa = PBXFileReference; lastKnownFileType = text.plist.strings; name = fr; path = fr.lproj/Localizable.strings; sourceTree = "<group>"; };
/* End PBXFileReference section */

/* Begin PBXFrameworksBuildPhase section */
		A6ACD9DD2AB1682C0005F3A9 /* Frameworks */ = {
			isa = PBXFrameworksBuildPhase;
			buildActionMask = 2147483647;
			files = (
			);
			runOnlyForDeploymentPostprocessing = 0;
		};
/* End PBXFrameworksBuildPhase section */

/* Begin PBXGroup section */
		A6ACD9D72AB1682C0005F3A9 = {
			isa = PBXGroup;
			children = (
				A6ACD9E22AB1682C0005F3A9 /* Loacalistion */,
				A6ACD9E12AB1682C0005F3A9 /* Products */,
			);
			sourceTree = "<group>";
		};
		A6ACD9E12AB1682C0005F3A9 /* Products */ = {
			isa = PBXGroup;
			children = (
				A6ACD9E02AB1682C0005F3A9 /* Loacalistion.app */,
			);
			name = Products;
			sourceTree = "<group>";
		};
		A6ACD9E22AB1682C0005F3A9 /* Loacalistion */ = {
			isa = PBXGroup;
			children = (
				A6ACDA002AB16C6A0005F3A9 /* Localizable.strings */,
				A6ACD9E32AB1682C0005F3A9 /* AppDelegate.swift */,
				A6ACD9E52AB1682C0005F3A9 /* SceneDelegate.swift */,
				A6ACD9E72AB1682C0005F3A9 /* ViewController.swift */,
				A6ACD9E92AB1682C0005F3A9 /* Main.storyboard */,
				A6ACD9EC2AB1682D0005F3A9 /* Assets.xcassets */,
				A6ACD9EE2AB1682D0005F3A9 /* LaunchScreen.storyboard */,
				A6ACD9F12AB1682D0005F3A9 /* Info.plist */,
			);
			path = Loacalistion;
			sourceTree = "<group>";
		};
/* End PBXGroup section */

/* Begin PBXNativeTarget section */
		A6ACD9DF2AB1682C0005F3A9 /* Loacalistion */ = {
			isa = PBXNativeTarget;
			buildConfigurationList = A6ACD9F42AB1682D0005F3A9 /* Build configuration list for PBXNativeTarget "Loacalistion" */;
			buildPhases = (
				A6ACD9DC2AB1682C0005F3A9 /* Sources */,
				A6ACD9DD2AB1682C0005F3A9 /* Frameworks */,
				A6ACD9DE2AB1682C0005F3A9 /* Resources */,
			);
			buildRules = (
			);
			dependencies = (
			);
			name = Loacalistion;
			productName = Loacalistion;
			productReference = A6ACD9E02AB1682C0005F3A9 /* Loacalistion.app */;
			productType = "com.apple.product-type.application";
		};
/* End PBXNativeTarget section */

/* Begin PBXProject section */
		A6ACD9D82AB1682C0005F3A9 /* Project object */ = {
			isa = PBXProject;
			attributes = {
				BuildIndependentTargetsInParallel = 1;
				LastSwiftUpdateCheck = 1430;
				LastUpgradeCheck = 1430;
				TargetAttributes = {
					A6ACD9DF2AB1682C0005F3A9 = {
						CreatedOnToolsVersion = 14.3.1;
					};
				};
			};
			buildConfigurationList = A6ACD9DB2AB1682C0005F3A9 /* Build configuration list for PBXProject "Loacalistion" */;
			compatibilityVersion = "Xcode 14.0";
			developmentRegion = en;
			hasScannedForEncodings = 0;
			knownRegions = (
				en,
				Base,
				fr,
			);
			mainGroup = A6ACD9D72AB1682C0005F3A9;
			productRefGroup = A6ACD9E12AB1682C0005F3A9 /* Products */;
			projectDirPath = "";
			projectRoot = "";
			targets = (
				A6ACD9DF2AB1682C0005F3A9 /* Loacalistion */,
			);
		};
/* End PBXProject section */

/* Begin PBXResourcesBuildPhase section */
		A6ACD9DE2AB1682C0005F3A9 /* Resources */ = {
			isa = PBXResourcesBuildPhase;
			buildActionMask = 2147483647;
			files = (
				A6ACD9F02AB1682D0005F3A9 /* LaunchScreen.storyboard in Resources */,
				A6ACD9FE2AB16C6A0005F3A9 /* Localizable.strings in Resources */,
				A6ACD9ED2AB1682D0005F3A9 /* Assets.xcassets in Resources */,
				A6ACD9EB2AB1682C0005F3A9 /* Main.storyboard in Resources */,
			);
			runOnlyForDeploymentPostprocessing = 0;
		};
/* End PBXResourcesBuildPhase section */

/* Begin PBXSourcesBuildPhase section */
		A6ACD9DC2AB1682C0005F3A9 /* Sources */ = {
			isa = PBXSourcesBuildPhase;
			buildActionMask = 2147483647;
			files = (
				A6ACD9E82AB1682C0005F3A9 /* ViewController.swift in Sources */,
				A6ACD9E42AB1682C0005F3A9 /* AppDelegate.swift in Sources */,
				A6ACD9E62AB1682C0005F3A9 /* SceneDelegate.swift in Sources */,
			);
			runOnlyForDeploymentPostprocessing = 0;
		};
/* End PBXSourcesBuildPhase section */

/* Begin PBXVariantGroup section */
		A6ACD9E92AB1682C0005F3A9 /* Main.storyboard */ = {
			isa = PBXVariantGroup;
			children = (
				A6ACD9EA2AB1682C0005F3A9 /* Base */,
				A6ACD9F72AB168750005F3A9 /* fr */,
				A6ACD9FA2AB168BF0005F3A9 /* en */,
			);
			name = Main.storyboard;
			sourceTree = "<group>";
		};
		A6ACD9EE2AB1682D0005F3A9 /* LaunchScreen.storyboard */ = {
			isa = PBXVariantGroup;
			children = (
				A6ACD9EF2AB1682D0005F3A9 /* Base */,
				A6ACD9F82AB168750005F3A9 /* fr */,
			);
			name = LaunchScreen.storyboard;
			sourceTree = "<group>";
		};
		A6ACDA002AB16C6A0005F3A9 /* Localizable.strings */ = {
			isa = PBXVariantGroup;
			children = (
				A6ACD9FF2AB16C6A0005F3A9 /* en */,
				A6ACDA012AB16C6F0005F3A9 /* fr */,
			);
			name = Localizable.strings;
			sourceTree = "<group>";
		};
/* End PBXVariantGroup section */

/* Begin XCBuildConfiguration section */
		A6ACD9F22AB1682D0005F3A9 /* Debug */ = {
			isa = XCBuildConfiguration;
			buildSettings = {
				ALWAYS_SEARCH_USER_PATHS = NO;
				CLANG_ANALYZER_LOCALIZABILITY_NONLOCALIZED = YES;
				CLANG_ANALYZER_NONNULL = YES;
				CLANG_ANALYZER_NUMBER_OBJECT_CONVERSION = YES_AGGRESSIVE;
				CLANG_CXX_LANGUAGE_STANDARD = "gnu++20";
				CLANG_ENABLE_MODULES = YES;
				CLANG_ENABLE_OBJC_ARC = YES;
				CLANG_ENABLE_OBJC_WEAK = YES;
				CLANG_WARN_BLOCK_CAPTURE_AUTORELEASING = YES;
				CLANG_WARN_BOOL_CONVERSION = YES;
				CLANG_WARN_COMMA = YES;
				CLANG_WARN_CONSTANT_CONVERSION = YES;
				CLANG_WARN_DEPRECATED_OBJC_IMPLEMENTATIONS = YES;
				CLANG_WARN_DIRECT_OBJC_ISA_USAGE = YES_ERROR;
				CLANG_WARN_DOCUMENTATION_COMMENTS = YES;
				CLANG_WARN_EMPTY_BODY = YES;
				CLANG_WARN_ENUM_CONVERSION = YES;
				CLANG_WARN_INFINITE_RECURSION = YES;
				CLANG_WARN_INT_CONVERSION = YES;
				CLANG_WARN_NON_LITERAL_NULL_CONVERSION = YES;
				CLANG_WARN_OBJC_IMPLICIT_RETAIN_SELF = YES;
				CLANG_WARN_OBJC_LITERAL_CONVERSION = YES;
				CLANG_WARN_OBJC_ROOT_CLASS = YES_ERROR;
				CLANG_WARN_QUOTED_INCLUDE_IN_FRAMEWORK_HEADER = YES;
				CLANG_WARN_RANGE_LOOP_ANALYSIS = YES;
				CLANG_WARN_STRICT_PROTOTYPES = YES;
				CLANG_WARN_SUSPICIOUS_MOVE = YES;
				CLANG_WARN_UNGUARDED_AVAILABILITY = YES_AGGRESSIVE;
				CLANG_WARN_UNREACHABLE_CODE = YES;
				CLANG_WARN__DUPLICATE_METHOD_MATCH = YES;
				COPY_PHASE_STRIP = NO;
				DEBUG_INFORMATION_FORMAT = dwarf;
				ENABLE_STRICT_OBJC_MSGSEND = YES;
				ENABLE_TESTABILITY = YES;
				GCC_C_LANGUAGE_STANDARD = gnu11;
				GCC_DYNAMIC_NO_PIC = NO;
				GCC_NO_COMMON_BLOCKS = YES;
				GCC_OPTIMIZATION_LEVEL = 0;
				GCC_PREPROCESSOR_DEFINITIONS = (
					"DEBUG=1",
					"$(inherited)",
				);
				GCC_WARN_64_TO_32_BIT_CONVERSION = YES;
				GCC_WARN_ABOUT_RETURN_TYPE = YES_ERROR;
				GCC_WARN_UNDECLARED_SELECTOR = YES;
				GCC_WARN_UNINITIALIZED_AUTOS = YES_AGGRESSIVE;
				GCC_WARN_UNUSED_FUNCTION = YES;
				GCC_WARN_UNUSED_VARIABLE = YES;
				IPHONEOS_DEPLOYMENT_TARGET = 16.4;
				MTL_ENABLE_DEBUG_INFO = INCLUDE_SOURCE;
				MTL_FAST_MATH = YES;
				ONLY_ACTIVE_ARCH = YES;
				SDKROOT = iphoneos;
				SWIFT_ACTIVE_COMPILATION_CONDITIONS = DEBUG;
				SWIFT_OPTIMIZATION_LEVEL = "-Onone";
			};
			name = Debug;
		};
		A6ACD9F32AB1682D0005F3A9 /* Release */ = {
			isa = XCBuildConfiguration;
			buildSettings = {
				ALWAYS_SEARCH_USER_PATHS = NO;
				CLANG_ANALYZER_LOCALIZABILITY_NONLOCALIZED = YES;
				CLANG_ANALYZER_NONNULL = YES;
				CLANG_ANALYZER_NUMBER_OBJECT_CONVERSION = YES_AGGRESSIVE;
				CLANG_CXX_LANGUAGE_STANDARD = "gnu++20";
				CLANG_ENABLE_MODULES = YES;
				CLANG_ENABLE_OBJC_ARC = YES;
				CLANG_ENABLE_OBJC_WEAK = YES;
				CLANG_WARN_BLOCK_CAPTURE_AUTORELEASING = YES;
				CLANG_WARN_BOOL_CONVERSION = YES;
				CLANG_WARN_COMMA = YES;
				CLANG_WARN_CONSTANT_CONVERSION = YES;
				CLANG_WARN_DEPRECATED_OBJC_IMPLEMENTATIONS = YES;
				CLANG_WARN_DIRECT_OBJC_ISA_USAGE = YES_ERROR;
				CLANG_WARN_DOCUMENTATION_COMMENTS = YES;
				CLANG_WARN_EMPTY_BODY = YES;
				CLANG_WARN_ENUM_CONVERSION = YES;
				CLANG_WARN_INFINITE_RECURSION = YES;
				CLANG_WARN_INT_CONVERSION = YES;
				CLANG_WARN_NON_LITERAL_NULL_CONVERSION = YES;
				CLANG_WARN_OBJC_IMPLICIT_RETAIN_SELF = YES;
				CLANG_WARN_OBJC_LITERAL_CONVERSION = YES;
				CLANG_WARN_OBJC_ROOT_CLASS = YES_ERROR;
				CLANG_WARN_QUOTED_INCLUDE_IN_FRAMEWORK_HEADER = YES;
				CLANG_WARN_RANGE_LOOP_ANALYSIS = YES;
				CLANG_WARN_STRICT_PROTOTYPES = YES;
				CLANG_WARN_SUSPICIOUS_MOVE = YES;
				CLANG_WARN_UNGUARDED_AVAILABILITY = YES_AGGRESSIVE;
				CLANG_WARN_UNREACHABLE_CODE = YES;
				CLANG_WARN__DUPLICATE_METHOD_MATCH = YES;
				COPY_PHASE_STRIP = NO;
				DEBUG_INFORMATION_FORMAT = "dwarf-with-dsym";
				ENABLE_NS_ASSERTIONS = NO;
				ENABLE_STRICT_OBJC_MSGSEND = YES;
				GCC_C_LANGUAGE_STANDARD = gnu11;
				GCC_NO_COMMON_BLOCKS = YES;
				GCC_WARN_64_TO_32_BIT_CONVERSION = YES;
				GCC_WARN_ABOUT_RETURN_TYPE = YES_ERROR;
				GCC_WARN_UNDECLARED_SELECTOR = YES;
				GCC_WARN_UNINITIALIZED_AUTOS = YES_AGGRESSIVE;
				GCC_WARN_UNUSED_FUNCTION = YES;
				GCC_WARN_UNUSED_VARIABLE = YES;
				IPHONEOS_DEPLOYMENT_TARGET = 16.4;
				MTL_ENABLE_DEBUG_INFO = NO;
				MTL_FAST_MATH = YES;
				SDKROOT = iphoneos;
				SWIFT_COMPILATION_MODE = wholemodule;
				SWIFT_OPTIMIZATION_LEVEL = "-O";
				VALIDATE_PRODUCT = YES;
			};
			name = Release;
		};
		A6ACD9F52AB1682D0005F3A9 /* Debug */ = {
			isa = XCBuildConfiguration;
			buildSettings = {
				ASSETCATALOG_COMPILER_APPICON_NAME = AppIcon;
				ASSETCATALOG_COMPILER_GLOBAL_ACCENT_COLOR_NAME = AccentColor;
				CODE_SIGN_STYLE = Automatic;
				CURRENT_PROJECT_VERSION = 1;
				GENERATE_INFOPLIST_FILE = YES;
				INFOPLIST_FILE = Loacalistion/Info.plist;
				INFOPLIST_KEY_UIApplicationSupportsIndirectInputEvents = YES;
				INFOPLIST_KEY_UILaunchStoryboardName = LaunchScreen;
				INFOPLIST_KEY_UIMainStoryboardFile = Main;
				INFOPLIST_KEY_UISupportedInterfaceOrientations_iPad = "UIInterfaceOrientationPortrait UIInterfaceOrientationPortraitUpsideDown UIInterfaceOrientationLandscapeLeft UIInterfaceOrientationLandscapeRight";
				INFOPLIST_KEY_UISupportedInterfaceOrientations_iPhone = "UIInterfaceOrientationPortrait UIInterfaceOrientationLandscapeLeft UIInterfaceOrientationLandscapeRight";
				LD_RUNPATH_SEARCH_PATHS = (
					"$(inherited)",
					"@executable_path/Frameworks",
				);
				MARKETING_VERSION = 1.0;
				PRODUCT_BUNDLE_IDENTIFIER = neeraja.Loacalistion;
				PRODUCT_NAME = "$(TARGET_NAME)";
				SWIFT_EMIT_LOC_STRINGS = YES;
				SWIFT_VERSION = 5.0;
				TARGETED_DEVICE_FAMILY = "1,2";
			};
			name = Debug;
		};
		A6ACD9F62AB1682D0005F3A9 /* Release */ = {
			isa = XCBuildConfiguration;
			buildSettings = {
				ASSETCATALOG_COMPILER_APPICON_NAME = AppIcon;
				ASSETCATALOG_COMPILER_GLOBAL_ACCENT_COLOR_NAME = AccentColor;
				CODE_SIGN_STYLE = Automatic;
				CURRENT_PROJECT_VERSION = 1;
				GENERATE_INFOPLIST_FILE = YES;
				INFOPLIST_FILE = Loacalistion/Info.plist;
				INFOPLIST_KEY_UIApplicationSupportsIndirectInputEvents = YES;
				INFOPLIST_KEY_UILaunchStoryboardName = LaunchScreen;
				INFOPLIST_KEY_UIMainStoryboardFile = Main;
				INFOPLIST_KEY_UISupportedInterfaceOrientations_iPad = "UIInterfaceOrientationPortrait UIInterfaceOrientationPortraitUpsideDown UIInterfaceOrientationLandscapeLeft UIInterfaceOrientationLandscapeRight";
				INFOPLIST_KEY_UISupportedInterfaceOrientations_iPhone = "UIInterfaceOrientationPortrait UIInterfaceOrientationLandscapeLeft UIInterfaceOrientationLandscapeRight";
				LD_RUNPATH_SEARCH_PATHS = (
					"$(inherited)",
					"@executable_path/Frameworks",
				);
				MARKETING_VERSION = 1.0;
				PRODUCT_BUNDLE_IDENTIFIER = neeraja.Loacalistion;
				PRODUCT_NAME = "$(TARGET_NAME)";
				SWIFT_EMIT_LOC_STRINGS = YES;
				SWIFT_VERSION = 5.0;
				TARGETED_DEVICE_FAMILY = "1,2";
			};
			name = Release;
		};
/* End XCBuildConfiguration section */

/* Begin XCConfigurationList section */
		A6ACD9DB2AB1682C0005F3A9 /* Build configuration list for PBXProject "Loacalistion" */ = {
			isa = XCConfigurationList;
			buildConfigurations = (
				A6ACD9F22AB1682D0005F3A9 /* Debug */,
				A6ACD9F32AB1682D0005F3A9 /* Release */,
			);
			defaultConfigurationIsVisible = 0;
			defaultConfigurationName = Release;
		};
		A6ACD9F42AB1682D0005F3A9 /* Build configuration list for PBXNativeTarget "Loacalistion" */ = {
			isa = XCConfigurationList;
			buildConfigurations = (
				A6ACD9F52AB1682D0005F3A9 /* Debug */,
				A6ACD9F62AB1682D0005F3A9 /* Release */,
			);
			defaultConfigurationIsVisible = 0;
			defaultConfigurationName = Release;
		};
/* End XCConfigurationList section */
	};
	rootObject = A6ACD9D82AB1682C0005F3A9 /* Project object */;
}
